
Microsoft Visual Studio Solution File, Format Version 12.00
# Visual Studio Version 16
VisualStudioVersion = 16.0.32630.194
MinimumVisualStudioVersion = 10.0.40219.1
Project("{FAE04EC0-301F-11D3-BF4B-00C04F79EFBC}") = "registrationWebApp", "registrationWebApp.csproj", "{547E57A0-8BD4-4578-9245-23BC3BCB6305}"
EndProject
Global
	GlobalSection(SolutionConfigurationPlatforms) = preSolution
		Debug|Any CPU = Debug|Any CPU
		Release|Any CPU = Release|Any CPU
	EndGlobalSection
	GlobalSection(ProjectConfigurationPlatforms) = postSolution
		{547E57A0-8BD4-4578-9245-23BC3BCB6305}.Debug|Any CPU.ActiveCfg = Debug|Any CPU
		{547E57A0-8BD4-4578-9245-23BC3BCB6305}.Debug|Any CPU.Build.0 = Debug|Any CPU
		{547E57A0-8BD4-4578-9245-23BC3BCB6305}.Release|Any CPU.ActiveCfg = Release|Any CPU
		{547E57A0-8BD4-4578-9245-23BC3BCB6305}.Release|Any CPU.Build.0 = Release|Any CPU
	EndGlobalSection
	GlobalSection(SolutionProperties) = preSolution
		HideSolutionNode = FALSE
	EndGlobalSection
	GlobalSection(ExtensibilityGlobals) = postSolution
		SolutionGuid = {E724D3AD-3468-4FC8-BBE2-4AD510E790BB}
	EndGlobalSection
EndGlobal
